
Microsoft Visual Studio Solution File, Format Version 12.00
# Visual Studio Version 17
VisualStudioVersion = 17.8.34511.84
MinimumVisualStudioVersion = 10.0.40219.1
Project("{9A19103F-16F7-4668-BE54-9A1E7A4F7556}") = "Mps.Server", "Mps.Server\Mps.Server.csproj", "{9DDCAA05-088B-45A2-A63E-2AACCF7CAC93}"
EndProject
Project("{54A90642-561A-4BB1-A94E-469ADEE60C69}") = "Mps.client", "Mps.client\Mps.client.esproj", "{4CCA4CC2-029C-46CA-86DC-BC2F7C6C5BEA}"
EndProject
Project("{FAE04EC0-301F-11D3-BF4B-00C04F79EFBC}") = "Mps-tests", "Mps-tests\Mps-tests.csproj", "{EEFAD946-5602-4783-83DC-88655435F088}"
EndProject
Global
	GlobalSection(SolutionConfigurationPlatforms) = preSolution
		Debug|Any CPU = Debug|Any CPU
		Release|Any CPU = Release|Any CPU
	EndGlobalSection
	GlobalSection(ProjectConfigurationPlatforms) = postSolution
		{9DDCAA05-088B-45A2-A63E-2AACCF7CAC93}.Debug|Any CPU.ActiveCfg = Debug|Any CPU
		{9DDCAA05-088B-45A2-A63E-2AACCF7CAC93}.Debug|Any CPU.Build.0 = Debug|Any CPU
		{9DDCAA05-088B-45A2-A63E-2AACCF7CAC93}.Release|Any CPU.ActiveCfg = Release|Any CPU
		{9DDCAA05-088B-45A2-A63E-2AACCF7CAC93}.Release|Any CPU.Build.0 = Release|Any CPU
		{4CCA4CC2-029C-46CA-86DC-BC2F7C6C5BEA}.Debug|Any CPU.ActiveCfg = Debug|Any CPU
		{4CCA4CC2-029C-46CA-86DC-BC2F7C6C5BEA}.Debug|Any CPU.Build.0 = Debug|Any CPU
		{4CCA4CC2-029C-46CA-86DC-BC2F7C6C5BEA}.Debug|Any CPU.Deploy.0 = Debug|Any CPU
		{4CCA4CC2-029C-46CA-86DC-BC2F7C6C5BEA}.Release|Any CPU.ActiveCfg = Release|Any CPU
		{4CCA4CC2-029C-46CA-86DC-BC2F7C6C5BEA}.Release|Any CPU.Build.0 = Release|Any CPU
		{4CCA4CC2-029C-46CA-86DC-BC2F7C6C5BEA}.Release|Any CPU.Deploy.0 = Release|Any CPU
		{EEFAD946-5602-4783-83DC-88655435F088}.Debug|Any CPU.ActiveCfg = Debug|Any CPU
		{EEFAD946-5602-4783-83DC-88655435F088}.Debug|Any CPU.Build.0 = Debug|Any CPU
		{EEFAD946-5602-4783-83DC-88655435F088}.Release|Any CPU.ActiveCfg = Release|Any CPU
		{EEFAD946-5602-4783-83DC-88655435F088}.Release|Any CPU.Build.0 = Release|Any CPU
	EndGlobalSection
	GlobalSection(SolutionProperties) = preSolution
		HideSolutionNode = FALSE
	EndGlobalSection
	GlobalSection(ExtensibilityGlobals) = postSolution
		SolutionGuid = {77985035-0B72-4160-B907-3DC128EDB7E9}
	EndGlobalSection
EndGlobal
